Microsoft Visual Studio Solution File, Format Version 12.00
# Visual Studio Version 17
VisualStudioVersion = 17.5.2.0
MinimumVisualStudioVersion = 10.0.40219.1
Project("{FAE04EC0-301F-11D3-BF4B-00C04F79EFBC}") = "PortfolioApi", "api\PortfolioApi.csproj", "{0A213BB9-AF49-5ADF-0E7C-16B9DFDF3ED0}"
EndProject
Global
	GlobalSection(SolutionConfigurationPlatforms) = preSolution
		Debug|Any CPU = Debug|Any CPU
		Release|Any CPU = Release|Any CPU
	EndGlobalSection
	GlobalSection(ProjectConfigurationPlatforms) = postSolution
		{0A213BB9-AF49-5ADF-0E7C-16B9DFDF3ED0}.Debug|Any CPU.ActiveCfg = Debug|Any CPU
		{0A213BB9-AF49-5ADF-0E7C-16B9DFDF3ED0}.Debug|Any CPU.Build.0 = Debug|Any CPU
		{0A213BB9-AF49-5ADF-0E7C-16B9DFDF3ED0}.Release|Any CPU.ActiveCfg = Release|Any CPU
		{0A213BB9-AF49-5ADF-0E7C-16B9DFDF3ED0}.Release|Any CPU.Build.0 = Release|Any CPU
	EndGlobalSection
	GlobalSection(SolutionProperties) = preSolution
		HideSolutionNode = FALSE
	EndGlobalSection
	GlobalSection(ExtensibilityGlobals) = postSolution
		SolutionGuid = {12118E00-9718-4FC3-A318-D83C20443F2D}
	EndGlobalSection
EndGlobal
